
Microsoft Visual Studio Solution File, Format Version 11.00
# Visual Studio 2010
Project("{FAE04EC0-301F-11D3-BF4B-00C04F79EFBC}") = "Assembly-CSharp", "Assembly-CSharp.csproj", "{dea78187-bbc5-3e3a-61f7-4d0831f9b9cb}"
EndProject
Project("{FAE04EC0-301F-11D3-BF4B-00C04F79EFBC}") = "Assembly-CSharp-Editor", "Assembly-CSharp-Editor.csproj", "{bc77598c-5bf0-f0a2-2ae1-560da7d61f4b}"
EndProject
Global
	GlobalSection(SolutionConfigurationPlatforms) = preSolution
		Debug|Any CPU = Debug|Any CPU
		Release|Any CPU = Release|Any CPU
	EndGlobalSection
	GlobalSection(ProjectConfigurationPlatforms) = postSolution
		{dea78187-bbc5-3e3a-61f7-4d0831f9b9cb}.Debug|Any CPU.ActiveCfg = Debug|Any CPU
		{dea78187-bbc5-3e3a-61f7-4d0831f9b9cb}.Debug|Any CPU.Build.0 = Debug|Any CPU
		{dea78187-bbc5-3e3a-61f7-4d0831f9b9cb}.Release|Any CPU.ActiveCfg = Release|Any CPU
		{dea78187-bbc5-3e3a-61f7-4d0831f9b9cb}.Release|Any CPU.Build.0 = Release|Any CPU
		{bc77598c-5bf0-f0a2-2ae1-560da7d61f4b}.Debug|Any CPU.ActiveCfg = Debug|Any CPU
		{bc77598c-5bf0-f0a2-2ae1-560da7d61f4b}.Debug|Any CPU.Build.0 = Debug|Any CPU
		{bc77598c-5bf0-f0a2-2ae1-560da7d61f4b}.Release|Any CPU.ActiveCfg = Release|Any CPU
		{bc77598c-5bf0-f0a2-2ae1-560da7d61f4b}.Release|Any CPU.Build.0 = Release|Any CPU
	EndGlobalSection
	GlobalSection(SolutionProperties) = preSolution
		HideSolutionNode = FALSE
	EndGlobalSection
EndGlobal
